
Microsoft Visual Studio Solution File, Format Version 12.00
# Visual Studio 15
VisualStudioVersion = 15.0.28307.106
MinimumVisualStudioVersion = 10.0.40219.1
Project("{FAE04EC0-301F-11D3-BF4B-00C04F79EFBC}") = "Syncronizer", "Syncronizer\Syncronizer.csproj", "{C2EE8F20-6D87-4825-A4A1-A6D729EB485B}"
EndProject
Global
	GlobalSection(SolutionConfigurationPlatforms) = preSolution
		Debug|Any CPU = Debug|Any CPU
		Release|Any CPU = Release|Any CPU
	EndGlobalSection
	GlobalSection(ProjectConfigurationPlatforms) = postSolution
		{C2EE8F20-6D87-4825-A4A1-A6D729EB485B}.Debug|Any CPU.ActiveCfg = Debug|Any CPU
		{C2EE8F20-6D87-4825-A4A1-A6D729EB485B}.Debug|Any CPU.Build.0 = Debug|Any CPU
		{C2EE8F20-6D87-4825-A4A1-A6D729EB485B}.Release|Any CPU.ActiveCfg = Release|Any CPU
		{C2EE8F20-6D87-4825-A4A1-A6D729EB485B}.Release|Any CPU.Build.0 = Release|Any CPU
	EndGlobalSection
	GlobalSection(SolutionProperties) = preSolution
		HideSolutionNode = FALSE
	EndGlobalSection
	GlobalSection(ExtensibilityGlobals) = postSolution
		SolutionGuid = {F8BBC214-7D7D-473C-9DC2-21F482B118E8}
	EndGlobalSection
EndGlobal
